{
  "nodes": {
    "elisp-helpers": {
      "flake": false,
      "locked": {
        "lastModified": 1665027644,
        "narHash": "sha256-S55qcQBNZcwA2UKRd3Xxv+T9liuWNiGhi2u0GvzYoeo=",
        "owner": "emacs-twist",
        "repo": "elisp-helpers",
        "rev": "f3ff71386581b89eff58074ec7080c7326a17dca",
        "type": "github"
      },
      "original": {
        "owner": "emacs-twist",
        "repo": "elisp-helpers",
        "type": "github"
      }
    },
    "elsa": {
      "flake": false,
      "locked": {
        "lastModified": 1645647680,
        "narHash": "sha256-uEX4T4VAIBiiSUfLXko/mxOghlz794GgVfD21jqJ3F0=",
        "owner": "emacs-elsa",
        "repo": "Elsa",
        "rev": "21ed4f46e2d02ffb48b3ae377b0c93732ccf3f4f",
        "type": "github"
      },
      "original": {
        "owner": "emacs-elsa",
        "repo": "Elsa",
        "type": "github"
      }
    },
    "emacs": {
      "flake": false,
      "locked": {
        "lastModified": 1659241825,
        "narHash": "sha256-CeguByavPcAstPFuNx88+7lEDmd3ibbjf73JTyAiRQ8=",
        "owner": "emacs-mirror",
        "repo": "emacs",
        "rev": "d9bd334ef367f3e16967ae2ed714ff419f2b5328",
        "type": "github"
      },
      "original": {
        "owner": "emacs-mirror",
        "repo": "emacs",
        "type": "github"
      }
    },
    "emacs-ci": {
      "flake": false,
      "locked": {
        "lastModified": 1665753430,
        "narHash": "sha256-u3URCMjRV8XnqhL4Dic8SAarom2JOtEmL1oCqB1hqiY=",
        "owner": "purcell",
        "repo": "nix-emacs-ci",
        "rev": "c77015eb14b711fcfa33fbe324cd539636ebf220",
        "type": "github"
      },
      "original": {
        "owner": "purcell",
        "repo": "nix-emacs-ci",
        "type": "github"
      }
    },
    "epkgs": {
      "flake": false,
      "locked": {
        "lastModified": 1659120171,
        "narHash": "sha256-W1exXkqR0EfmGo/42PH4DzLyORi9Wc4fVbINmYZso48=",
        "owner": "emacsmirror",
        "repo": "epkgs",
        "rev": "e823faa039cd52f6e7ee62811a0e4c9bd3948e37",
        "type": "github"
      },
      "original": {
        "owner": "emacsmirror",
        "repo": "epkgs",
        "type": "github"
      }
    },
    "flake-utils": {
      "locked": {
        "lastModified": 1667077288,
        "narHash": "sha256-bdC8sFNDpT0HK74u9fUkpbf1MEzVYJ+ka7NXCdgBoaA=",
        "owner": "numtide",
        "repo": "flake-utils",
        "rev": "6ee9ebb6b1ee695d2cacc4faa053a7b9baa76817",
        "type": "github"
      },
      "original": {
        "owner": "numtide",
        "repo": "flake-utils",
        "type": "github"
      }
    },
    "fromElisp": {
      "flake": false,
      "locked": {
        "lastModified": 1649625973,
        "narHash": "sha256-y/7IsibjBGY3uUN9K/VMKPTVAbgsV0Xdi8Hnv6Nq76E=",
        "owner": "talyz",
        "repo": "fromElisp",
        "rev": "edd1301d1fc35440ae6c918ca92039233e3d770f",
        "type": "github"
      },
      "original": {
        "owner": "talyz",
        "repo": "fromElisp",
        "type": "github"
      }
    },
    "gitignore": {
      "inputs": {
        "nixpkgs": [
          "nixpkgs"
        ]
      },
      "locked": {
        "lastModified": 1660459072,
        "narHash": "sha256-8DFJjXG8zqoONA1vXtgeKXy68KdJL5UaXR8NtVMUbx8=",
        "owner": "hercules-ci",
        "repo": "gitignore.nix",
        "rev": "a20de23b925fd8264fd7fad6454652e142fd7f73",
        "type": "github"
      },
      "original": {
        "owner": "hercules-ci",
        "repo": "gitignore.nix",
        "type": "github"
      }
    },
    "gnu-elpa": {
      "flake": false,
      "locked": {
        "lastModified": 1659114501,
        "narHash": "sha256-mR/VmNlrxaobhL+Z3Y6FmF7dwr90QS283JG0fAOlqa8=",
        "ref": "main",
        "rev": "db2bd85641001b667f30521737e94019614191c3",
        "revCount": 397,
        "type": "git",
        "url": "https://git.savannah.gnu.org/git/emacs/elpa.git"
      },
      "original": {
        "ref": "main",
        "type": "git",
        "url": "https://git.savannah.gnu.org/git/emacs/elpa.git"
      }
    },
    "melpa": {
      "flake": false,
      "locked": {
        "lastModified": 1659127569,
        "narHash": "sha256-0LK3RcuVOEwEzMx8VUj6bn9dHiBu6IPri8O3y/aYqvk=",
        "owner": "melpa",
        "repo": "melpa",
        "rev": "3046079cbdb80167355a87703327613f41f4b329",
        "type": "github"
      },
      "original": {
        "owner": "melpa",
        "repo": "melpa",
        "type": "github"
      }
    },
    "nixpkgs": {
      "locked": {
        "lastModified": 0,
        "narHash": "sha256-Ctij+dOi0ZZIfX5eMhgwugfvB+WZSrvVNAyAuANOsnQ=",
        "path": "/nix/store/m2vv0bxfchzrjngx8wi0i7dhzb9q2g50-source",
        "type": "path"
      },
      "original": {
        "id": "nixpkgs",
        "type": "indirect"
      }
    },
    "package-lint": {
      "flake": false,
      "locked": {
        "lastModified": 1664814981,
        "narHash": "sha256-5uza8wm6XKZUnLTp+vLOInTfUnGVGTWF4Dl0b8a72mA=",
        "owner": "purcell",
        "repo": "package-lint",
        "rev": "4ea8318c1bf79ccb1b4658d58917bbd9f990c432",
        "type": "github"
      },
      "original": {
        "owner": "purcell",
        "repo": "package-lint",
        "type": "github"
      }
    },
    "root": {
      "inputs": {
        "elsa": "elsa",
        "emacs": "emacs",
        "emacs-ci": "emacs-ci",
        "epkgs": "epkgs",
        "flake-utils": "flake-utils",
        "gitignore": "gitignore",
        "gnu-elpa": "gnu-elpa",
        "melpa": "melpa",
        "nixpkgs": "nixpkgs",
        "package-lint": "package-lint",
        "twist": "twist"
      }
    },
    "twist": {
      "inputs": {
        "elisp-helpers": "elisp-helpers",
        "fromElisp": "fromElisp"
      },
      "locked": {
        "lastModified": 1666925171,
        "narHash": "sha256-jJENR4ePur6JOPdG8FFpsIUM+5aSs28dpJtJnQC6nTI=",
        "owner": "emacs-twist",
        "repo": "twist.nix",
        "rev": "3fa668ce59c34bffc9e403caabc4b22a411f2286",
        "type": "github"
      },
      "original": {
        "owner": "emacs-twist",
        "repo": "twist.nix",
        "type": "github"
      }
    }
  },
  "root": "root",
  "version": 7
}
