{
  "nodes": {
    "buttercup": {
      "flake": false,
      "locked": {
        "lastModified": 1678401580,
        "narHash": "sha256-M2VzfUoFpRBMxG9YNSmN1R3cFY8zduHO+4Fp1+uhqi8=",
        "owner": "jorgenschaefer",
        "repo": "emacs-buttercup",
        "rev": "e7e51a6e2a4e6e0e9935299d4366395403cd04e3",
        "type": "github"
      },
      "original": {
        "owner": "jorgenschaefer",
        "repo": "emacs-buttercup",
        "type": "github"
      }
    },
    "dash": {
      "flake": false,
      "locked": {
        "lastModified": 1677969742,
        "narHash": "sha256-nonLg+mXi6wB4CIaSV9yJ3CeMQxiNuhL8/tHp/5XFB0=",
        "owner": "magnars",
        "repo": "dash.el",
        "rev": "c30c6bea49b79d966c92ce606fea53dea647b959",
        "type": "github"
      },
      "original": {
        "owner": "magnars",
        "repo": "dash.el",
        "type": "github"
      }
    },
    "playground": {
      "flake": false,
      "locked": {
        "lastModified": 1597239373,
        "narHash": "sha256-5X3nMd+uKfUbEDGn3OXavjn86KnzZD8lMWdyQ8R1hvY=",
        "owner": "akirak",
        "repo": "emacs-playground",
        "rev": "77d2faab0bc3f6e1f2c65c66644c52167304610d",
        "type": "github"
      },
      "original": {
        "owner": "akirak",
        "repo": "emacs-playground",
        "type": "github"
      }
    },
    "root": {
      "inputs": {
        "buttercup": "buttercup",
        "dash": "dash",
        "playground": "playground"
      }
    }
  },
  "root": "root",
  "version": 7
}
